
Microsoft Visual Studio Solution File, Format Version 12.00
# Visual Studio Version 16
VisualStudioVersion = 16.0.31829.152
MinimumVisualStudioVersion = 10.0.40219.1
Project("{FAE04EC0-301F-11D3-BF4B-00C04F79EFBC}") = "eKarton", "eKarton\eKarton.csproj", "{A1C8910E-FD56-453A-A6D3-2F0AE95C8BAC}"
EndProject
Project("{FAE04EC0-301F-11D3-BF4B-00C04F79EFBC}") = "eKarton.Model", "eKarton.Model\eKarton.Model.csproj", "{92918E76-4CB0-4E45-A6F2-9912103387D3}"
EndProject
Project("{FAE04EC0-301F-11D3-BF4B-00C04F79EFBC}") = "eKarton.WinUI", "eKarton.WinUI\eKarton.WinUI.csproj", "{A1A7EB77-CD8B-4484-AB4B-912701E3BBE4}"
EndProject
Global
	GlobalSection(SolutionConfigurationPlatforms) = preSolution
		Debug|Any CPU = Debug|Any CPU
		Release|Any CPU = Release|Any CPU
	EndGlobalSection
	GlobalSection(ProjectConfigurationPlatforms) = postSolution
		{A1C8910E-FD56-453A-A6D3-2F0AE95C8BAC}.Debug|Any CPU.ActiveCfg = Debug|Any CPU
		{A1C8910E-FD56-453A-A6D3-2F0AE95C8BAC}.Debug|Any CPU.Build.0 = Debug|Any CPU
		{A1C8910E-FD56-453A-A6D3-2F0AE95C8BAC}.Release|Any CPU.ActiveCfg = Release|Any CPU
		{A1C8910E-FD56-453A-A6D3-2F0AE95C8BAC}.Release|Any CPU.Build.0 = Release|Any CPU
		{92918E76-4CB0-4E45-A6F2-9912103387D3}.Debug|Any CPU.ActiveCfg = Debug|Any CPU
		{92918E76-4CB0-4E45-A6F2-9912103387D3}.Debug|Any CPU.Build.0 = Debug|Any CPU
		{92918E76-4CB0-4E45-A6F2-9912103387D3}.Release|Any CPU.ActiveCfg = Release|Any CPU
		{92918E76-4CB0-4E45-A6F2-9912103387D3}.Release|Any CPU.Build.0 = Release|Any CPU
		{A1A7EB77-CD8B-4484-AB4B-912701E3BBE4}.Debug|Any CPU.ActiveCfg = Debug|Any CPU
		{A1A7EB77-CD8B-4484-AB4B-912701E3BBE4}.Debug|Any CPU.Build.0 = Debug|Any CPU
		{A1A7EB77-CD8B-4484-AB4B-912701E3BBE4}.Release|Any CPU.ActiveCfg = Release|Any CPU
		{A1A7EB77-CD8B-4484-AB4B-912701E3BBE4}.Release|Any CPU.Build.0 = Release|Any CPU
	EndGlobalSection
	GlobalSection(SolutionProperties) = preSolution
		HideSolutionNode = FALSE
	EndGlobalSection
	GlobalSection(ExtensibilityGlobals) = postSolution
		SolutionGuid = {020E7FFB-6740-466B-9DCA-259FDA1DE6B1}
	EndGlobalSection
EndGlobal
